
Microsoft Visual Studio Solution File, Format Version 12.00
Project("{FAE04EC0-301F-11D3-BF4B-00C04F79EFBC}") = "CSharp", "CSharp\CSharp.csproj", "{68DFB42F-19F1-43C4-A3CF-53670891261A}"
EndProject
Global
	GlobalSection(SolutionConfigurationPlatforms) = preSolution
		Debug|Any CPU = Debug|Any CPU
		Release|Any CPU = Release|Any CPU
	EndGlobalSection
	GlobalSection(ProjectConfigurationPlatforms) = postSolution
		{68DFB42F-19F1-43C4-A3CF-53670891261A}.Debug|Any CPU.ActiveCfg = Debug|Any CPU
		{68DFB42F-19F1-43C4-A3CF-53670891261A}.Debug|Any CPU.Build.0 = Debug|Any CPU
		{68DFB42F-19F1-43C4-A3CF-53670891261A}.Release|Any CPU.ActiveCfg = Release|Any CPU
		{68DFB42F-19F1-43C4-A3CF-53670891261A}.Release|Any CPU.Build.0 = Release|Any CPU
	EndGlobalSection
EndGlobal
